// !$*UTF8*$!
{
	archiveVersion = 1;
	classes = {
	};
	objectVersion = 55;
	objects = {

/* Begin PBXBuildFile section */
		AD8AF02C29AA77A20046D5D9 /* AppDelegate.swift in Sources */ = {isa = PBXBuildFile; fileRef = AD8AF02B29AA77A20046D5D9 /* AppDelegate.swift */; };
		AD8AF03029AA77A20046D5D9 /* MainViewController.swift in Sources */ = {isa = PBXBuildFile; fileRef = AD8AF02F29AA77A20046D5D9 /* MainViewController.swift */; };
		AD8AF03329AA77A20046D5D9 /* Main.storyboard in Resources */ = {isa = PBXBuildFile; fileRef = AD8AF03129AA77A20046D5D9 /* Main.storyboard */; };
		AD8AF03529AA77A20046D5D9 /* Assets.xcassets in Resources */ = {isa = PBXBuildFile; fileRef = AD8AF03429AA77A20046D5D9 /* Assets.xcassets */; };
		AD8AF04329AA77A20046D5D9 /* _0230224_VladChapurny_ChaseTests.swift in Sources */ = {isa = PBXBuildFile; fileRef = AD8AF04229AA77A20046D5D9 /* _0230224_VladChapurny_ChaseTests.swift */; };
		AD8AF04D29AA77A20046D5D9 /* _0230224_VladChapurny_ChaseUITests.swift in Sources */ = {isa = PBXBuildFile; fileRef = AD8AF04C29AA77A20046D5D9 /* _0230224_VladChapurny_ChaseUITests.swift */; };
		AD8AF04F29AA77A20046D5D9 /* _0230224_VladChapurny_ChaseUITestsLaunchTests.swift in Sources */ = {isa = PBXBuildFile; fileRef = AD8AF04E29AA77A20046D5D9 /* _0230224_VladChapurny_ChaseUITestsLaunchTests.swift */; };
		AD8AF06329AA78B70046D5D9 /* Extensions.swift in Sources */ = {isa = PBXBuildFile; fileRef = AD8AF06229AA78B70046D5D9 /* Extensions.swift */; };
		AD8AF06729AA96830046D5D9 /* WeatherViewCell.swift in Sources */ = {isa = PBXBuildFile; fileRef = AD8AF06629AA96830046D5D9 /* WeatherViewCell.swift */; };
		AD8AF06A29AAB0B50046D5D9 /* OpenWeatherAPI.swift in Sources */ = {isa = PBXBuildFile; fileRef = AD8AF06929AAB0B50046D5D9 /* OpenWeatherAPI.swift */; };
		AD8AF06C29AAB47B0046D5D9 /* WeatherResponse.swift in Sources */ = {isa = PBXBuildFile; fileRef = AD8AF06B29AAB47B0046D5D9 /* WeatherResponse.swift */; };
		AD8AF06E29AAC8A90046D5D9 /* MainWeatherViewModel.swift in Sources */ = {isa = PBXBuildFile; fileRef = AD8AF06D29AAC8A90046D5D9 /* MainWeatherViewModel.swift */; };
		AD8AF07029AAE3760046D5D9 /* Utils.swift in Sources */ = {isa = PBXBuildFile; fileRef = AD8AF06F29AAE3760046D5D9 /* Utils.swift */; };
		AD8AF07229AB13D80046D5D9 /* LocationManager.swift in Sources */ = {isa = PBXBuildFile; fileRef = AD8AF07129AB13D80046D5D9 /* LocationManager.swift */; };
		AD8AF07429AB34E50046D5D9 /* Keys.plist in Resources */ = {isa = PBXBuildFile; fileRef = AD8AF07329AB34E50046D5D9 /* Keys.plist */; };
/* End PBXBuildFile section */

/* Begin PBXContainerItemProxy section */
		AD8AF03F29AA77A20046D5D9 /* PBXContainerItemProxy */ = {
			isa = PBXContainerItemProxy;
			containerPortal = AD8AF02029AA77A20046D5D9 /* Project object */;
			proxyType = 1;
			remoteGlobalIDString = AD8AF02729AA77A20046D5D9;
			remoteInfo = "20230224-VladChapurny-Chase";
		};
		AD8AF04929AA77A20046D5D9 /* PBXContainerItemProxy */ = {
			isa = PBXContainerItemProxy;
			containerPortal = AD8AF02029AA77A20046D5D9 /* Project object */;
			proxyType = 1;
			remoteGlobalIDString = AD8AF02729AA77A20046D5D9;
			remoteInfo = "20230224-VladChapurny-Chase";
		};
/* End PBXContainerItemProxy section */

/* Begin PBXFileReference section */
		AD8AF02829AA77A20046D5D9 /* 20230224-VladChapurny-Chase.app */ = {isa = PBXFileReference; explicitFileType = wrapper.application; includeInIndex = 0; path = "20230224-VladChapurny-Chase.app"; sourceTree = BUILT_PRODUCTS_DIR; };
		AD8AF02B29AA77A20046D5D9 /* AppDelegate.swift */ = {isa = PBXFileReference; lastKnownFileType = sourcecode.swift; path = AppDelegate.swift; sourceTree = "<group>"; };
		AD8AF02F29AA77A20046D5D9 /* MainViewController.swift */ = {isa = PBXFileReference; lastKnownFileType = sourcecode.swift; path = MainViewController.swift; sourceTree = "<group>"; };
		AD8AF03229AA77A20046D5D9 /* Base */ = {isa = PBXFileReference; lastKnownFileType = file.storyboard; name = Base; path = Base.lproj/Main.storyboard; sourceTree = "<group>"; };
		AD8AF03429AA77A20046D5D9 /* Assets.xcassets */ = {isa = PBXFileReference; lastKnownFileType = folder.assetcatalog; path = Assets.xcassets; sourceTree = "<group>"; };
		AD8AF03929AA77A20046D5D9 /* Info.plist */ = {isa = PBXFileReference; lastKnownFileType = text.plist.xml; path = Info.plist; sourceTree = "<group>"; };
		AD8AF03E29AA77A20046D5D9 /* 20230224-VladChapurny-ChaseTests.xctest */ = {isa = PBXFileReference; explicitFileType = wrapper.cfbundle; includeInIndex = 0; path = "20230224-VladChapurny-ChaseTests.xctest"; sourceTree = BUILT_PRODUCTS_DIR; };
		AD8AF04229AA77A20046D5D9 /* _0230224_VladChapurny_ChaseTests.swift */ = {isa = PBXFileReference; lastKnownFileType = sourcecode.swift; path = _0230224_VladChapurny_ChaseTests.swift; sourceTree = "<group>"; };
		AD8AF04829AA77A20046D5D9 /* 20230224-VladChapurny-ChaseUITests.xctest */ = {isa = PBXFileReference; explicitFileType = wrapper.cfbundle; includeInIndex = 0; path = "20230224-VladChapurny-ChaseUITests.xctest"; sourceTree = BUILT_PRODUCTS_DIR; };
		AD8AF04C29AA77A20046D5D9 /* _0230224_VladChapurny_ChaseUITests.swift */ = {isa = PBXFileReference; lastKnownFileType = sourcecode.swift; path = _0230224_VladChapurny_ChaseUITests.swift; sourceTree = "<group>"; };
		AD8AF04E29AA77A20046D5D9 /* _0230224_VladChapurny_ChaseUITestsLaunchTests.swift */ = {isa = PBXFileReference; lastKnownFileType = sourcecode.swift; path = _0230224_VladChapurny_ChaseUITestsLaunchTests.swift; sourceTree = "<group>"; };
		AD8AF06229AA78B70046D5D9 /* Extensions.swift */ = {isa = PBXFileReference; lastKnownFileType = sourcecode.swift; path = Extensions.swift; sourceTree = "<group>"; };
		AD8AF06629AA96830046D5D9 /* WeatherViewCell.swift */ = {isa = PBXFileReference; lastKnownFileType = sourcecode.swift; path = WeatherViewCell.swift; sourceTree = "<group>"; };
		AD8AF06929AAB0B50046D5D9 /* OpenWeatherAPI.swift */ = {isa = PBXFileReference; lastKnownFileType = sourcecode.swift; path = OpenWeatherAPI.swift; sourceTree = "<group>"; };
		AD8AF06B29AAB47B0046D5D9 /* WeatherResponse.swift */ = {isa = PBXFileReference; lastKnownFileType = sourcecode.swift; path = WeatherResponse.swift; sourceTree = "<group>"; };
		AD8AF06D29AAC8A90046D5D9 /* MainWeatherViewModel.swift */ = {isa = PBXFileReference; lastKnownFileType = sourcecode.swift; path = MainWeatherViewModel.swift; sourceTree = "<group>"; };
		AD8AF06F29AAE3760046D5D9 /* Utils.swift */ = {isa = PBXFileReference; lastKnownFileType = sourcecode.swift; path = Utils.swift; sourceTree = "<group>"; };
		AD8AF07129AB13D80046D5D9 /* LocationManager.swift */ = {isa = PBXFileReference; lastKnownFileType = sourcecode.swift; path = LocationManager.swift; sourceTree = "<group>"; };
		AD8AF07329AB34E50046D5D9 /* Keys.plist */ = {isa = PBXFileReference; lastKnownFileType = text.plist.xml; path = Keys.plist; sourceTree = "<group>"; };
/* End PBXFileReference section */

/* Begin PBXFrameworksBuildPhase section */
		AD8AF02529AA77A20046D5D9 /* Frameworks */ = {
			isa = PBXFrameworksBuildPhase;
			buildActionMask = 2147483647;
			files = (
			);
			runOnlyForDeploymentPostprocessing = 0;
		};
		AD8AF03B29AA77A20046D5D9 /* Frameworks */ = {
			isa = PBXFrameworksBuildPhase;
			buildActionMask = 2147483647;
			files = (
			);
			runOnlyForDeploymentPostprocessing = 0;
		};
		AD8AF04529AA77A20046D5D9 /* Frameworks */ = {
			isa = PBXFrameworksBuildPhase;
			buildActionMask = 2147483647;
			files = (
			);
			runOnlyForDeploymentPostprocessing = 0;
		};
/* End PBXFrameworksBuildPhase section */

/* Begin PBXGroup section */
		AD8AF01F29AA77A20046D5D9 = {
			isa = PBXGroup;
			children = (
				AD8AF02A29AA77A20046D5D9 /* 20230224-VladChapurny-Chase */,
				AD8AF04129AA77A20046D5D9 /* 20230224-VladChapurny-ChaseTests */,
				AD8AF04B29AA77A20046D5D9 /* 20230224-VladChapurny-ChaseUITests */,
				AD8AF02929AA77A20046D5D9 /* Products */,
			);
			sourceTree = "<group>";
		};
		AD8AF02929AA77A20046D5D9 /* Products */ = {
			isa = PBXGroup;
			children = (
				AD8AF02829AA77A20046D5D9 /* 20230224-VladChapurny-Chase.app */,
				AD8AF03E29AA77A20046D5D9 /* 20230224-VladChapurny-ChaseTests.xctest */,
				AD8AF04829AA77A20046D5D9 /* 20230224-VladChapurny-ChaseUITests.xctest */,
			);
			name = Products;
			sourceTree = "<group>";
		};
		AD8AF02A29AA77A20046D5D9 /* 20230224-VladChapurny-Chase */ = {
			isa = PBXGroup;
			children = (
				AD8AF06829AAAE440046D5D9 /* Services */,
				AD8AF06029AA788B0046D5D9 /* Models */,
				AD8AF05F29AA78810046D5D9 /* ViewModels */,
				AD8AF05D29AA78720046D5D9 /* Views */,
				AD8AF05E29AA787B0046D5D9 /* ViewControllers */,
				AD8AF05C29AA78540046D5D9 /* Resources */,
				AD8AF05B29AA784F0046D5D9 /* Core */,
				AD8AF03929AA77A20046D5D9 /* Info.plist */,
				AD8AF07329AB34E50046D5D9 /* Keys.plist */,
			);
			path = "20230224-VladChapurny-Chase";
			sourceTree = "<group>";
		};
		AD8AF04129AA77A20046D5D9 /* 20230224-VladChapurny-ChaseTests */ = {
			isa = PBXGroup;
			children = (
				AD8AF04229AA77A20046D5D9 /* _0230224_VladChapurny_ChaseTests.swift */,
			);
			path = "20230224-VladChapurny-ChaseTests";
			sourceTree = "<group>";
		};
		AD8AF04B29AA77A20046D5D9 /* 20230224-VladChapurny-ChaseUITests */ = {
			isa = PBXGroup;
			children = (
				AD8AF04C29AA77A20046D5D9 /* _0230224_VladChapurny_ChaseUITests.swift */,
				AD8AF04E29AA77A20046D5D9 /* _0230224_VladChapurny_ChaseUITestsLaunchTests.swift */,
			);
			path = "20230224-VladChapurny-ChaseUITests";
			sourceTree = "<group>";
		};
		AD8AF05B29AA784F0046D5D9 /* Core */ = {
			isa = PBXGroup;
			children = (
				AD8AF02B29AA77A20046D5D9 /* AppDelegate.swift */,
				AD8AF03129AA77A20046D5D9 /* Main.storyboard */,
			);
			path = Core;
			sourceTree = "<group>";
		};
		AD8AF05C29AA78540046D5D9 /* Resources */ = {
			isa = PBXGroup;
			children = (
				AD8AF03429AA77A20046D5D9 /* Assets.xcassets */,
				AD8AF06229AA78B70046D5D9 /* Extensions.swift */,
				AD8AF06F29AAE3760046D5D9 /* Utils.swift */,
			);
			path = Resources;
			sourceTree = "<group>";
		};
		AD8AF05D29AA78720046D5D9 /* Views */ = {
			isa = PBXGroup;
			children = (
				AD8AF06629AA96830046D5D9 /* WeatherViewCell.swift */,
			);
			path = Views;
			sourceTree = "<group>";
		};
		AD8AF05E29AA787B0046D5D9 /* ViewControllers */ = {
			isa = PBXGroup;
			children = (
				AD8AF02F29AA77A20046D5D9 /* MainViewController.swift */,
			);
			path = ViewControllers;
			sourceTree = "<group>";
		};
		AD8AF05F29AA78810046D5D9 /* ViewModels */ = {
			isa = PBXGroup;
			children = (
				AD8AF06D29AAC8A90046D5D9 /* MainWeatherViewModel.swift */,
			);
			path = ViewModels;
			sourceTree = "<group>";
		};
		AD8AF06029AA788B0046D5D9 /* Models */ = {
			isa = PBXGroup;
			children = (
				AD8AF06B29AAB47B0046D5D9 /* WeatherResponse.swift */,
			);
			path = Models;
			sourceTree = "<group>";
		};
		AD8AF06829AAAE440046D5D9 /* Services */ = {
			isa = PBXGroup;
			children = (
				AD8AF06929AAB0B50046D5D9 /* OpenWeatherAPI.swift */,
				AD8AF07129AB13D80046D5D9 /* LocationManager.swift */,
			);
			path = Services;
			sourceTree = "<group>";
		};
/* End PBXGroup section */

/* Begin PBXNativeTarget section */
		AD8AF02729AA77A20046D5D9 /* 20230224-VladChapurny-Chase */ = {
			isa = PBXNativeTarget;
			buildConfigurationList = AD8AF05229AA77A20046D5D9 /* Build configuration list for PBXNativeTarget "20230224-VladChapurny-Chase" */;
			buildPhases = (
				AD8AF02429AA77A20046D5D9 /* Sources */,
				AD8AF02529AA77A20046D5D9 /* Frameworks */,
				AD8AF02629AA77A20046D5D9 /* Resources */,
			);
			buildRules = (
			);
			dependencies = (
			);
			name = "20230224-VladChapurny-Chase";
			productName = "20230224-VladChapurny-Chase";
			productReference = AD8AF02829AA77A20046D5D9 /* 20230224-VladChapurny-Chase.app */;
			productType = "com.apple.product-type.application";
		};
		AD8AF03D29AA77A20046D5D9 /* 20230224-VladChapurny-ChaseTests */ = {
			isa = PBXNativeTarget;
			buildConfigurationList = AD8AF05529AA77A20046D5D9 /* Build configuration list for PBXNativeTarget "20230224-VladChapurny-ChaseTests" */;
			buildPhases = (
				AD8AF03A29AA77A20046D5D9 /* Sources */,
				AD8AF03B29AA77A20046D5D9 /* Frameworks */,
				AD8AF03C29AA77A20046D5D9 /* Resources */,
			);
			buildRules = (
			);
			dependencies = (
				AD8AF04029AA77A20046D5D9 /* PBXTargetDependency */,
			);
			name = "20230224-VladChapurny-ChaseTests";
			productName = "20230224-VladChapurny-ChaseTests";
			productReference = AD8AF03E29AA77A20046D5D9 /* 20230224-VladChapurny-ChaseTests.xctest */;
			productType = "com.apple.product-type.bundle.unit-test";
		};
		AD8AF04729AA77A20046D5D9 /* 20230224-VladChapurny-ChaseUITests */ = {
			isa = PBXNativeTarget;
			buildConfigurationList = AD8AF05829AA77A20046D5D9 /* Build configuration list for PBXNativeTarget "20230224-VladChapurny-ChaseUITests" */;
			buildPhases = (
				AD8AF04429AA77A20046D5D9 /* Sources */,
				AD8AF04529AA77A20046D5D9 /* Frameworks */,
				AD8AF04629AA77A20046D5D9 /* Resources */,
			);
			buildRules = (
			);
			dependencies = (
				AD8AF04A29AA77A20046D5D9 /* PBXTargetDependency */,
			);
			name = "20230224-VladChapurny-ChaseUITests";
			productName = "20230224-VladChapurny-ChaseUITests";
			productReference = AD8AF04829AA77A20046D5D9 /* 20230224-VladChapurny-ChaseUITests.xctest */;
			productType = "com.apple.product-type.bundle.ui-testing";
		};
/* End PBXNativeTarget section */

/* Begin PBXProject section */
		AD8AF02029AA77A20046D5D9 /* Project object */ = {
			isa = PBXProject;
			attributes = {
				BuildIndependentTargetsInParallel = 1;
				LastSwiftUpdateCheck = 1320;
				LastUpgradeCheck = 1320;
				TargetAttributes = {
					AD8AF02729AA77A20046D5D9 = {
						CreatedOnToolsVersion = 13.2.1;
					};
					AD8AF03D29AA77A20046D5D9 = {
						CreatedOnToolsVersion = 13.2.1;
						TestTargetID = AD8AF02729AA77A20046D5D9;
					};
					AD8AF04729AA77A20046D5D9 = {
						CreatedOnToolsVersion = 13.2.1;
						TestTargetID = AD8AF02729AA77A20046D5D9;
					};
				};
			};
			buildConfigurationList = AD8AF02329AA77A20046D5D9 /* Build configuration list for PBXProject "20230224-VladChapurny-Chase" */;
			compatibilityVersion = "Xcode 13.0";
			developmentRegion = en;
			hasScannedForEncodings = 0;
			knownRegions = (
				en,
				Base,
			);
			mainGroup = AD8AF01F29AA77A20046D5D9;
			productRefGroup = AD8AF02929AA77A20046D5D9 /* Products */;
			projectDirPath = "";
			projectRoot = "";
			targets = (
				AD8AF02729AA77A20046D5D9 /* 20230224-VladChapurny-Chase */,
				AD8AF03D29AA77A20046D5D9 /* 20230224-VladChapurny-ChaseTests */,
				AD8AF04729AA77A20046D5D9 /* 20230224-VladChapurny-ChaseUITests */,
			);
		};
/* End PBXProject section */

/* Begin PBXResourcesBuildPhase section */
		AD8AF02629AA77A20046D5D9 /* Resources */ = {
			isa = PBXResourcesBuildPhase;
			buildActionMask = 2147483647;
			files = (
				AD8AF07429AB34E50046D5D9 /* Keys.plist in Resources */,
				AD8AF03529AA77A20046D5D9 /* Assets.xcassets in Resources */,
				AD8AF03329AA77A20046D5D9 /* Main.storyboard in Resources */,
			);
			runOnlyForDeploymentPostprocessing = 0;
		};
		AD8AF03C29AA77A20046D5D9 /* Resources */ = {
			isa = PBXResourcesBuildPhase;
			buildActionMask = 2147483647;
			files = (
			);
			runOnlyForDeploymentPostprocessing = 0;
		};
		AD8AF04629AA77A20046D5D9 /* Resources */ = {
			isa = PBXResourcesBuildPhase;
			buildActionMask = 2147483647;
			files = (
			);
			runOnlyForDeploymentPostprocessing = 0;
		};
/* End PBXResourcesBuildPhase section */

/* Begin PBXSourcesBuildPhase section */
		AD8AF02429AA77A20046D5D9 /* Sources */ = {
			isa = PBXSourcesBuildPhase;
			buildActionMask = 2147483647;
			files = (
				AD8AF03029AA77A20046D5D9 /* MainViewController.swift in Sources */,
				AD8AF06C29AAB47B0046D5D9 /* WeatherResponse.swift in Sources */,
				AD8AF06A29AAB0B50046D5D9 /* OpenWeatherAPI.swift in Sources */,
				AD8AF06329AA78B70046D5D9 /* Extensions.swift in Sources */,
				AD8AF06E29AAC8A90046D5D9 /* MainWeatherViewModel.swift in Sources */,
				AD8AF02C29AA77A20046D5D9 /* AppDelegate.swift in Sources */,
				AD8AF06729AA96830046D5D9 /* WeatherViewCell.swift in Sources */,
				AD8AF07029AAE3760046D5D9 /* Utils.swift in Sources */,
				AD8AF07229AB13D80046D5D9 /* LocationManager.swift in Sources */,
			);
			runOnlyForDeploymentPostprocessing = 0;
		};
		AD8AF03A29AA77A20046D5D9 /* Sources */ = {
			isa = PBXSourcesBuildPhase;
			buildActionMask = 2147483647;
			files = (
				AD8AF04329AA77A20046D5D9 /* _0230224_VladChapurny_ChaseTests.swift in Sources */,
			);
			runOnlyForDeploymentPostprocessing = 0;
		};
		AD8AF04429AA77A20046D5D9 /* Sources */ = {
			isa = PBXSourcesBuildPhase;
			buildActionMask = 2147483647;
			files = (
				AD8AF04F29AA77A20046D5D9 /* _0230224_VladChapurny_ChaseUITestsLaunchTests.swift in Sources */,
				AD8AF04D29AA77A20046D5D9 /* _0230224_VladChapurny_ChaseUITests.swift in Sources */,
			);
			runOnlyForDeploymentPostprocessing = 0;
		};
/* End PBXSourcesBuildPhase section */

/* Begin PBXTargetDependency section */
		AD8AF04029AA77A20046D5D9 /* PBXTargetDependency */ = {
			isa = PBXTargetDependency;
			target = AD8AF02729AA77A20046D5D9 /* 20230224-VladChapurny-Chase */;
			targetProxy = AD8AF03F29AA77A20046D5D9 /* PBXContainerItemProxy */;
		};
		AD8AF04A29AA77A20046D5D9 /* PBXTargetDependency */ = {
			isa = PBXTargetDependency;
			target = AD8AF02729AA77A20046D5D9 /* 20230224-VladChapurny-Chase */;
			targetProxy = AD8AF04929AA77A20046D5D9 /* PBXContainerItemProxy */;
		};
/* End PBXTargetDependency section */

/* Begin PBXVariantGroup section */
		AD8AF03129AA77A20046D5D9 /* Main.storyboard */ = {
			isa = PBXVariantGroup;
			children = (
				AD8AF03229AA77A20046D5D9 /* Base */,
			);
			name = Main.storyboard;
			sourceTree = "<group>";
		};
/* End PBXVariantGroup section */

/* Begin XCBuildConfiguration section */
		AD8AF05029AA77A20046D5D9 /* Debug */ = {
			isa = XCBuildConfiguration;
			buildSettings = {
				ALWAYS_SEARCH_USER_PATHS = NO;
				CLANG_ANALYZER_NONNULL = YES;
				CLANG_ANALYZER_NUMBER_OBJECT_CONVERSION = YES_AGGRESSIVE;
				CLANG_CXX_LANGUAGE_STANDARD = "gnu++17";
				CLANG_CXX_LIBRARY = "libc++";
				CLANG_ENABLE_MODULES = YES;
				CLANG_ENABLE_OBJC_ARC = YES;
				CLANG_ENABLE_OBJC_WEAK = YES;
				CLANG_WARN_BLOCK_CAPTURE_AUTORELEASING = YES;
				CLANG_WARN_BOOL_CONVERSION = YES;
				CLANG_WARN_COMMA = YES;
				CLANG_WARN_CONSTANT_CONVERSION = YES;
				CLANG_WARN_DEPRECATED_OBJC_IMPLEMENTATIONS = YES;
				CLANG_WARN_DIRECT_OBJC_ISA_USAGE = YES_ERROR;
				CLANG_WARN_DOCUMENTATION_COMMENTS = YES;
				CLANG_WARN_EMPTY_BODY = YES;
				CLANG_WARN_ENUM_CONVERSION = YES;
				CLANG_WARN_INFINITE_RECURSION = YES;
				CLANG_WARN_INT_CONVERSION = YES;
				CLANG_WARN_NON_LITERAL_NULL_CONVERSION = YES;
				CLANG_WARN_OBJC_IMPLICIT_RETAIN_SELF = YES;
				CLANG_WARN_OBJC_LITERAL_CONVERSION = YES;
				CLANG_WARN_OBJC_ROOT_CLASS = YES_ERROR;
				CLANG_WARN_QUOTED_INCLUDE_IN_FRAMEWORK_HEADER = YES;
				CLANG_WARN_RANGE_LOOP_ANALYSIS = YES;
				CLANG_WARN_STRICT_PROTOTYPES = YES;
				CLANG_WARN_SUSPICIOUS_MOVE = YES;
				CLANG_WARN_UNGUARDED_AVAILABILITY = YES_AGGRESSIVE;
				CLANG_WARN_UNREACHABLE_CODE = YES;
				CLANG_WARN__DUPLICATE_METHOD_MATCH = YES;
				COPY_PHASE_STRIP = NO;
				DEBUG_INFORMATION_FORMAT = dwarf;
				ENABLE_STRICT_OBJC_MSGSEND = YES;
				ENABLE_TESTABILITY = YES;
				GCC_C_LANGUAGE_STANDARD = gnu11;
				GCC_DYNAMIC_NO_PIC = NO;
				GCC_NO_COMMON_BLOCKS = YES;
				GCC_OPTIMIZATION_LEVEL = 0;
				GCC_PREPROCESSOR_DEFINITIONS = (
					"DEBUG=1",
					"$(inherited)",
				);
				GCC_WARN_64_TO_32_BIT_CONVERSION = YES;
				GCC_WARN_ABOUT_RETURN_TYPE = YES_ERROR;
				GCC_WARN_UNDECLARED_SELECTOR = YES;
				GCC_WARN_UNINITIALIZED_AUTOS = YES_AGGRESSIVE;
				GCC_WARN_UNUSED_FUNCTION = YES;
				GCC_WARN_UNUSED_VARIABLE = YES;
				IPHONEOS_DEPLOYMENT_TARGET = 15.2;
				MTL_ENABLE_DEBUG_INFO = INCLUDE_SOURCE;
				MTL_FAST_MATH = YES;
				ONLY_ACTIVE_ARCH = YES;
				SDKROOT = iphoneos;
				SWIFT_ACTIVE_COMPILATION_CONDITIONS = DEBUG;
				SWIFT_OPTIMIZATION_LEVEL = "-Onone";
			};
			name = Debug;
		};
		AD8AF05129AA77A20046D5D9 /* Release */ = {
			isa = XCBuildConfiguration;
			buildSettings = {
				ALWAYS_SEARCH_USER_PATHS = NO;
				CLANG_ANALYZER_NONNULL = YES;
				CLANG_ANALYZER_NUMBER_OBJECT_CONVERSION = YES_AGGRESSIVE;
				CLANG_CXX_LANGUAGE_STANDARD = "gnu++17";
				CLANG_CXX_LIBRARY = "libc++";
				CLANG_ENABLE_MODULES = YES;
				CLANG_ENABLE_OBJC_ARC = YES;
				CLANG_ENABLE_OBJC_WEAK = YES;
				CLANG_WARN_BLOCK_CAPTURE_AUTORELEASING = YES;
				CLANG_WARN_BOOL_CONVERSION = YES;
				CLANG_WARN_COMMA = YES;
				CLANG_WARN_CONSTANT_CONVERSION = YES;
				CLANG_WARN_DEPRECATED_OBJC_IMPLEMENTATIONS = YES;
				CLANG_WARN_DIRECT_OBJC_ISA_USAGE = YES_ERROR;
				CLANG_WARN_DOCUMENTATION_COMMENTS = YES;
				CLANG_WARN_EMPTY_BODY = YES;
				CLANG_WARN_ENUM_CONVERSION = YES;
				CLANG_WARN_INFINITE_RECURSION = YES;
				CLANG_WARN_INT_CONVERSION = YES;
				CLANG_WARN_NON_LITERAL_NULL_CONVERSION = YES;
				CLANG_WARN_OBJC_IMPLICIT_RETAIN_SELF = YES;
				CLANG_WARN_OBJC_LITERAL_CONVERSION = YES;
				CLANG_WARN_OBJC_ROOT_CLASS = YES_ERROR;
				CLANG_WARN_QUOTED_INCLUDE_IN_FRAMEWORK_HEADER = YES;
				CLANG_WARN_RANGE_LOOP_ANALYSIS = YES;
				CLANG_WARN_STRICT_PROTOTYPES = YES;
				CLANG_WARN_SUSPICIOUS_MOVE = YES;
				CLANG_WARN_UNGUARDED_AVAILABILITY = YES_AGGRESSIVE;
				CLANG_WARN_UNREACHABLE_CODE = YES;
				CLANG_WARN__DUPLICATE_METHOD_MATCH = YES;
				COPY_PHASE_STRIP = NO;
				DEBUG_INFORMATION_FORMAT = "dwarf-with-dsym";
				ENABLE_NS_ASSERTIONS = NO;
				ENABLE_STRICT_OBJC_MSGSEND = YES;
				GCC_C_LANGUAGE_STANDARD = gnu11;
				GCC_NO_COMMON_BLOCKS = YES;
				GCC_WARN_64_TO_32_BIT_CONVERSION = YES;
				GCC_WARN_ABOUT_RETURN_TYPE = YES_ERROR;
				GCC_WARN_UNDECLARED_SELECTOR = YES;
				GCC_WARN_UNINITIALIZED_AUTOS = YES_AGGRESSIVE;
				GCC_WARN_UNUSED_FUNCTION = YES;
				GCC_WARN_UNUSED_VARIABLE = YES;
				IPHONEOS_DEPLOYMENT_TARGET = 15.2;
				MTL_ENABLE_DEBUG_INFO = NO;
				MTL_FAST_MATH = YES;
				SDKROOT = iphoneos;
				SWIFT_COMPILATION_MODE = wholemodule;
				SWIFT_OPTIMIZATION_LEVEL = "-O";
				VALIDATE_PRODUCT = YES;
			};
			name = Release;
		};
		AD8AF05329AA77A20046D5D9 /* Debug */ = {
			isa = XCBuildConfiguration;
			buildSettings = {
				ASSETCATALOG_COMPILER_APPICON_NAME = AppIcon;
				ASSETCATALOG_COMPILER_GLOBAL_ACCENT_COLOR_NAME = AccentColor;
				CODE_SIGN_STYLE = Automatic;
				CURRENT_PROJECT_VERSION = 1;
				DEVELOPMENT_TEAM = KMHRAT3DN4;
				GENERATE_INFOPLIST_FILE = YES;
				INFOPLIST_FILE = "20230224-VladChapurny-Chase/Info.plist";
				INFOPLIST_KEY_UIApplicationSupportsIndirectInputEvents = YES;
				INFOPLIST_KEY_UILaunchStoryboardName = LaunchScreen;
				INFOPLIST_KEY_UIMainStoryboardFile = Main;
				INFOPLIST_KEY_UISupportedInterfaceOrientations_iPad = "UIInterfaceOrientationPortrait UIInterfaceOrientationPortraitUpsideDown UIInterfaceOrientationLandscapeLeft UIInterfaceOrientationLandscapeRight";
				INFOPLIST_KEY_UISupportedInterfaceOrientations_iPhone = "UIInterfaceOrientationPortrait UIInterfaceOrientationLandscapeLeft UIInterfaceOrientationLandscapeRight";
				LD_RUNPATH_SEARCH_PATHS = (
					"$(inherited)",
					"@executable_path/Frameworks",
				);
				MARKETING_VERSION = 1.0;
				PRODUCT_BUNDLE_IDENTIFIER = "VladHouse.-0230224-VladChapurny-Chase";
				PRODUCT_NAME = "$(TARGET_NAME)";
				SWIFT_EMIT_LOC_STRINGS = YES;
				SWIFT_VERSION = 5.0;
				TARGETED_DEVICE_FAMILY = "1,2";
			};
			name = Debug;
		};
		AD8AF05429AA77A20046D5D9 /* Release */ = {
			isa = XCBuildConfiguration;
			buildSettings = {
				ASSETCATALOG_COMPILER_APPICON_NAME = AppIcon;
				ASSETCATALOG_COMPILER_GLOBAL_ACCENT_COLOR_NAME = AccentColor;
				CODE_SIGN_STYLE = Automatic;
				CURRENT_PROJECT_VERSION = 1;
				DEVELOPMENT_TEAM = KMHRAT3DN4;
				GENERATE_INFOPLIST_FILE = YES;
				INFOPLIST_FILE = "20230224-VladChapurny-Chase/Info.plist";
				INFOPLIST_KEY_UIApplicationSupportsIndirectInputEvents = YES;
				INFOPLIST_KEY_UILaunchStoryboardName = LaunchScreen;
				INFOPLIST_KEY_UIMainStoryboardFile = Main;
				INFOPLIST_KEY_UISupportedInterfaceOrientations_iPad = "UIInterfaceOrientationPortrait UIInterfaceOrientationPortraitUpsideDown UIInterfaceOrientationLandscapeLeft UIInterfaceOrientationLandscapeRight";
				INFOPLIST_KEY_UISupportedInterfaceOrientations_iPhone = "UIInterfaceOrientationPortrait UIInterfaceOrientationLandscapeLeft UIInterfaceOrientationLandscapeRight";
				LD_RUNPATH_SEARCH_PATHS = (
					"$(inherited)",
					"@executable_path/Frameworks",
				);
				MARKETING_VERSION = 1.0;
				PRODUCT_BUNDLE_IDENTIFIER = "VladHouse.-0230224-VladChapurny-Chase";
				PRODUCT_NAME = "$(TARGET_NAME)";
				SWIFT_EMIT_LOC_STRINGS = YES;
				SWIFT_VERSION = 5.0;
				TARGETED_DEVICE_FAMILY = "1,2";
			};
			name = Release;
		};
		AD8AF05629AA77A20046D5D9 /* Debug */ = {
			isa = XCBuildConfiguration;
			buildSettings = {
				ALWAYS_EMBED_SWIFT_STANDARD_LIBRARIES = YES;
				BUNDLE_LOADER = "$(TEST_HOST)";
				CODE_SIGN_STYLE = Automatic;
				CURRENT_PROJECT_VERSION = 1;
				DEVELOPMENT_TEAM = KMHRAT3DN4;
				GENERATE_INFOPLIST_FILE = YES;
				IPHONEOS_DEPLOYMENT_TARGET = 15.2;
				MARKETING_VERSION = 1.0;
				PRODUCT_BUNDLE_IDENTIFIER = "VladHouse.-0230224-VladChapurny-ChaseTests";
				PRODUCT_NAME = "$(TARGET_NAME)";
				SWIFT_EMIT_LOC_STRINGS = NO;
				SWIFT_VERSION = 5.0;
				TARGETED_DEVICE_FAMILY = "1,2";
				TEST_HOST = "$(BUILT_PRODUCTS_DIR)/20230224-VladChapurny-Chase.app/20230224-VladChapurny-Chase";
			};
			name = Debug;
		};
		AD8AF05729AA77A20046D5D9 /* Release */ = {
			isa = XCBuildConfiguration;
			buildSettings = {
				ALWAYS_EMBED_SWIFT_STANDARD_LIBRARIES = YES;
				BUNDLE_LOADER = "$(TEST_HOST)";
				CODE_SIGN_STYLE = Automatic;
				CURRENT_PROJECT_VERSION = 1;
				DEVELOPMENT_TEAM = KMHRAT3DN4;
				GENERATE_INFOPLIST_FILE = YES;
				IPHONEOS_DEPLOYMENT_TARGET = 15.2;
				MARKETING_VERSION = 1.0;
				PRODUCT_BUNDLE_IDENTIFIER = "VladHouse.-0230224-VladChapurny-ChaseTests";
				PRODUCT_NAME = "$(TARGET_NAME)";
				SWIFT_EMIT_LOC_STRINGS = NO;
				SWIFT_VERSION = 5.0;
				TARGETED_DEVICE_FAMILY = "1,2";
				TEST_HOST = "$(BUILT_PRODUCTS_DIR)/20230224-VladChapurny-Chase.app/20230224-VladChapurny-Chase";
			};
			name = Release;
		};
		AD8AF05929AA77A20046D5D9 /* Debug */ = {
			isa = XCBuildConfiguration;
			buildSettings = {
				ALWAYS_EMBED_SWIFT_STANDARD_LIBRARIES = YES;
				CODE_SIGN_STYLE = Automatic;
				CURRENT_PROJECT_VERSION = 1;
				DEVELOPMENT_TEAM = KMHRAT3DN4;
				GENERATE_INFOPLIST_FILE = YES;
				MARKETING_VERSION = 1.0;
				PRODUCT_BUNDLE_IDENTIFIER = "VladHouse.-0230224-VladChapurny-ChaseUITests";
				PRODUCT_NAME = "$(TARGET_NAME)";
				SWIFT_EMIT_LOC_STRINGS = NO;
				SWIFT_VERSION = 5.0;
				TARGETED_DEVICE_FAMILY = "1,2";
				TEST_TARGET_NAME = "20230224-VladChapurny-Chase";
			};
			name = Debug;
		};
		AD8AF05A29AA77A20046D5D9 /* Release */ = {
			isa = XCBuildConfiguration;
			buildSettings = {
				ALWAYS_EMBED_SWIFT_STANDARD_LIBRARIES = YES;
				CODE_SIGN_STYLE = Automatic;
				CURRENT_PROJECT_VERSION = 1;
				DEVELOPMENT_TEAM = KMHRAT3DN4;
				GENERATE_INFOPLIST_FILE = YES;
				MARKETING_VERSION = 1.0;
				PRODUCT_BUNDLE_IDENTIFIER = "VladHouse.-0230224-VladChapurny-ChaseUITests";
				PRODUCT_NAME = "$(TARGET_NAME)";
				SWIFT_EMIT_LOC_STRINGS = NO;
				SWIFT_VERSION = 5.0;
				TARGETED_DEVICE_FAMILY = "1,2";
				TEST_TARGET_NAME = "20230224-VladChapurny-Chase";
			};
			name = Release;
		};
/* End XCBuildConfiguration section */

/* Begin XCConfigurationList section */
		AD8AF02329AA77A20046D5D9 /* Build configuration list for PBXProject "20230224-VladChapurny-Chase" */ = {
			isa = XCConfigurationList;
			buildConfigurations = (
				AD8AF05029AA77A20046D5D9 /* Debug */,
				AD8AF05129AA77A20046D5D9 /* Release */,
			);
			defaultConfigurationIsVisible = 0;
			defaultConfigurationName = Release;
		};
		AD8AF05229AA77A20046D5D9 /* Build configuration list for PBXNativeTarget "20230224-VladChapurny-Chase" */ = {
			isa = XCConfigurationList;
			buildConfigurations = (
				AD8AF05329AA77A20046D5D9 /* Debug */,
				AD8AF05429AA77A20046D5D9 /* Release */,
			);
			defaultConfigurationIsVisible = 0;
			defaultConfigurationName = Release;
		};
		AD8AF05529AA77A20046D5D9 /* Build configuration list for PBXNativeTarget "20230224-VladChapurny-ChaseTests" */ = {
			isa = XCConfigurationList;
			buildConfigurations = (
				AD8AF05629AA77A20046D5D9 /* Debug */,
				AD8AF05729AA77A20046D5D9 /* Release */,
			);
			defaultConfigurationIsVisible = 0;
			defaultConfigurationName = Release;
		};
		AD8AF05829AA77A20046D5D9 /* Build configuration list for PBXNativeTarget "20230224-VladChapurny-ChaseUITests" */ = {
			isa = XCConfigurationList;
			buildConfigurations = (
				AD8AF05929AA77A20046D5D9 /* Debug */,
				AD8AF05A29AA77A20046D5D9 /* Release */,
			);
			defaultConfigurationIsVisible = 0;
			defaultConfigurationName = Release;
		};
/* End XCConfigurationList section */
	};
	rootObject = AD8AF02029AA77A20046D5D9 /* Project object */;
}
